
Microsoft Visual Studio Solution File, Format Version 12.00
# Visual Studio Version 17
VisualStudioVersion = 17.3.32922.545
MinimumVisualStudioVersion = 10.0.40219.1
Project("{9A19103F-16F7-4668-BE54-9A1E7A4F7556}") = "HMProductAPI", "HMProductAPI\HMProductAPI.csproj", "{6211F47F-3FBE-4246-B149-527B93D758BE}"
EndProject
Project("{2150E333-8FDC-42A3-9474-1A3956D46DE8}") = "Core", "Core", "{FE53C94A-A5A3-4881-9A37-C8AB936231B3}"
EndProject
Project("{2150E333-8FDC-42A3-9474-1A3956D46DE8}") = "Host", "Host", "{47C94BB8-1B8F-41F4-B57A-B91A90E165D2}"
EndProject
Project("{2150E333-8FDC-42A3-9474-1A3956D46DE8}") = "Infra", "Infra", "{7813BCB9-57EC-48A6-A06D-5AA4A857A17C}"
EndProject
Project("{9A19103F-16F7-4668-BE54-9A1E7A4F7556}") = "Application", "Application\Application.csproj", "{53B9AE2F-D64D-40DE-B468-9F10E1B55FF1}"
EndProject
Project("{9A19103F-16F7-4668-BE54-9A1E7A4F7556}") = "Domain", "Domain\Domain.csproj", "{BFE93AEB-63A1-468E-A967-86ACCD48C8DB}"
EndProject
Project("{9A19103F-16F7-4668-BE54-9A1E7A4F7556}") = "Infrastructure", "Infrastructure\Infrastructure.csproj", "{98CC0F04-87CB-4161-956D-46958DF97B8E}"
EndProject
Project("{2150E333-8FDC-42A3-9474-1A3956D46DE8}") = "Tests", "Tests", "{0FA575FB-0A4F-4F5E-9313-A74FC2DBFF5C}"
EndProject
Project("{FAE04EC0-301F-11D3-BF4B-00C04F79EFBC}") = "HMProductAPITest", "HMProductAPITest\HMProductAPITest.csproj", "{3866F643-6091-4E60-ADE8-6BD79B752C24}"
EndProject
Global
	GlobalSection(SolutionConfigurationPlatforms) = preSolution
		Debug|Any CPU = Debug|Any CPU
		Release|Any CPU = Release|Any CPU
	EndGlobalSection
	GlobalSection(ProjectConfigurationPlatforms) = postSolution
		{6211F47F-3FBE-4246-B149-527B93D758BE}.Debug|Any CPU.ActiveCfg = Debug|Any CPU
		{6211F47F-3FBE-4246-B149-527B93D758BE}.Debug|Any CPU.Build.0 = Debug|Any CPU
		{6211F47F-3FBE-4246-B149-527B93D758BE}.Release|Any CPU.ActiveCfg = Release|Any CPU
		{6211F47F-3FBE-4246-B149-527B93D758BE}.Release|Any CPU.Build.0 = Release|Any CPU
		{53B9AE2F-D64D-40DE-B468-9F10E1B55FF1}.Debug|Any CPU.ActiveCfg = Debug|Any CPU
		{53B9AE2F-D64D-40DE-B468-9F10E1B55FF1}.Debug|Any CPU.Build.0 = Debug|Any CPU
		{53B9AE2F-D64D-40DE-B468-9F10E1B55FF1}.Release|Any CPU.ActiveCfg = Release|Any CPU
		{53B9AE2F-D64D-40DE-B468-9F10E1B55FF1}.Release|Any CPU.Build.0 = Release|Any CPU
		{BFE93AEB-63A1-468E-A967-86ACCD48C8DB}.Debug|Any CPU.ActiveCfg = Debug|Any CPU
		{BFE93AEB-63A1-468E-A967-86ACCD48C8DB}.Debug|Any CPU.Build.0 = Debug|Any CPU
		{BFE93AEB-63A1-468E-A967-86ACCD48C8DB}.Release|Any CPU.ActiveCfg = Release|Any CPU
		{BFE93AEB-63A1-468E-A967-86ACCD48C8DB}.Release|Any CPU.Build.0 = Release|Any CPU
		{98CC0F04-87CB-4161-956D-46958DF97B8E}.Debug|Any CPU.ActiveCfg = Debug|Any CPU
		{98CC0F04-87CB-4161-956D-46958DF97B8E}.Debug|Any CPU.Build.0 = Debug|Any CPU
		{98CC0F04-87CB-4161-956D-46958DF97B8E}.Release|Any CPU.ActiveCfg = Release|Any CPU
		{98CC0F04-87CB-4161-956D-46958DF97B8E}.Release|Any CPU.Build.0 = Release|Any CPU
		{3866F643-6091-4E60-ADE8-6BD79B752C24}.Debug|Any CPU.ActiveCfg = Debug|Any CPU
		{3866F643-6091-4E60-ADE8-6BD79B752C24}.Debug|Any CPU.Build.0 = Debug|Any CPU
		{3866F643-6091-4E60-ADE8-6BD79B752C24}.Release|Any CPU.ActiveCfg = Release|Any CPU
		{3866F643-6091-4E60-ADE8-6BD79B752C24}.Release|Any CPU.Build.0 = Release|Any CPU
	EndGlobalSection
	GlobalSection(SolutionProperties) = preSolution
		HideSolutionNode = FALSE
	EndGlobalSection
	GlobalSection(NestedProjects) = preSolution
		{6211F47F-3FBE-4246-B149-527B93D758BE} = {47C94BB8-1B8F-41F4-B57A-B91A90E165D2}
		{53B9AE2F-D64D-40DE-B468-9F10E1B55FF1} = {FE53C94A-A5A3-4881-9A37-C8AB936231B3}
		{BFE93AEB-63A1-468E-A967-86ACCD48C8DB} = {FE53C94A-A5A3-4881-9A37-C8AB936231B3}
		{98CC0F04-87CB-4161-956D-46958DF97B8E} = {7813BCB9-57EC-48A6-A06D-5AA4A857A17C}
		{3866F643-6091-4E60-ADE8-6BD79B752C24} = {0FA575FB-0A4F-4F5E-9313-A74FC2DBFF5C}
	EndGlobalSection
	GlobalSection(ExtensibilityGlobals) = postSolution
		SolutionGuid = {733D1B40-EDB8-457F-93F2-2166BFAE3F6F}
	EndGlobalSection
EndGlobal
